{
  "name": "isomorphic-fetch-readablestream",
  "version": "1.0.0",
  "lockfileVersion": 1,
  "requires": true,
  "dependencies": {
    "fetch-readablestream": {
      "version": "0.1.0",
      "resolved": "https://registry.npmjs.org/fetch-readablestream/-/fetch-readablestream-0.1.0.tgz",
      "integrity": "sha1-Ihm8zqm/O5fLWZYkCUCZ6vqkAL4="
    },
    "node-fetch": {
      "version": "2.1.1",
      "resolved": "https://registry.npmjs.org/node-fetch/-/node-fetch-2.1.1.tgz",
      "integrity": "sha1-NpynC4L1DIZJYQSmx3bSdPTkotQ="
    }
  }
}
